
Microsoft Visual Studio Solution File, Format Version 12.00
# Visual Studio Version 16
VisualStudioVersion = 16.0.31702.278
MinimumVisualStudioVersion = 10.0.40219.1
Project("{FAE04EC0-301F-11D3-BF4B-00C04F79EFBC}") = "Classes2", "Classes2\Classes2.csproj", "{C90EB6B5-0706-4453-893F-4C4136FF941A}"
EndProject
Global
	GlobalSection(SolutionConfigurationPlatforms) = preSolution
		Debug|Any CPU = Debug|Any CPU
		Release|Any CPU = Release|Any CPU
	EndGlobalSection
	GlobalSection(ProjectConfigurationPlatforms) = postSolution
		{C90EB6B5-0706-4453-893F-4C4136FF941A}.Debug|Any CPU.ActiveCfg = Debug|Any CPU
		{C90EB6B5-0706-4453-893F-4C4136FF941A}.Debug|Any CPU.Build.0 = Debug|Any CPU
		{C90EB6B5-0706-4453-893F-4C4136FF941A}.Release|Any CPU.ActiveCfg = Release|Any CPU
		{C90EB6B5-0706-4453-893F-4C4136FF941A}.Release|Any CPU.Build.0 = Release|Any CPU
	EndGlobalSection
	GlobalSection(SolutionProperties) = preSolution
		HideSolutionNode = FALSE
	EndGlobalSection
	GlobalSection(ExtensibilityGlobals) = postSolution
		SolutionGuid = {EC7CF420-44CB-4129-B3C9-BE9F684C178C}
	EndGlobalSection
EndGlobal
