
Microsoft Visual Studio Solution File, Format Version 12.00
# Visual Studio Version 16
VisualStudioVersion = 16.0.31613.86
MinimumVisualStudioVersion = 10.0.40219.1
Project("{FAE04EC0-301F-11D3-BF4B-00C04F79EFBC}") = "PotatoCalculator", "PotatoCalculator\PotatoCalculator.csproj", "{1E2AFBAF-58C1-4DFA-83A3-AE509FCE332B}"
EndProject
Global
	GlobalSection(SolutionConfigurationPlatforms) = preSolution
		Debug|Any CPU = Debug|Any CPU
		Release|Any CPU = Release|Any CPU
	EndGlobalSection
	GlobalSection(ProjectConfigurationPlatforms) = postSolution
		{1E2AFBAF-58C1-4DFA-83A3-AE509FCE332B}.Debug|Any CPU.ActiveCfg = Debug|Any CPU
		{1E2AFBAF-58C1-4DFA-83A3-AE509FCE332B}.Debug|Any CPU.Build.0 = Debug|Any CPU
		{1E2AFBAF-58C1-4DFA-83A3-AE509FCE332B}.Release|Any CPU.ActiveCfg = Release|Any CPU
		{1E2AFBAF-58C1-4DFA-83A3-AE509FCE332B}.Release|Any CPU.Build.0 = Release|Any CPU
	EndGlobalSection
	GlobalSection(SolutionProperties) = preSolution
		HideSolutionNode = FALSE
	EndGlobalSection
	GlobalSection(ExtensibilityGlobals) = postSolution
		SolutionGuid = {DB0E75B9-A3CE-49FF-A2D3-68346924F795}
	EndGlobalSection
EndGlobal
