
Microsoft Visual Studio Solution File, Format Version 12.00
# Visual Studio Version 16
VisualStudioVersion = 16.0.31613.86
MinimumVisualStudioVersion = 10.0.40219.1
Project("{FAE04EC0-301F-11D3-BF4B-00C04F79EFBC}") = "HangmanApp", "HangmanApp\HangmanApp.csproj", "{A549504E-2704-4AA1-819E-F8A79E1425DD}"
EndProject
Global
	GlobalSection(SolutionConfigurationPlatforms) = preSolution
		Debug|Any CPU = Debug|Any CPU
		Release|Any CPU = Release|Any CPU
	EndGlobalSection
	GlobalSection(ProjectConfigurationPlatforms) = postSolution
		{A549504E-2704-4AA1-819E-F8A79E1425DD}.Debug|Any CPU.ActiveCfg = Debug|Any CPU
		{A549504E-2704-4AA1-819E-F8A79E1425DD}.Debug|Any CPU.Build.0 = Debug|Any CPU
		{A549504E-2704-4AA1-819E-F8A79E1425DD}.Release|Any CPU.ActiveCfg = Release|Any CPU
		{A549504E-2704-4AA1-819E-F8A79E1425DD}.Release|Any CPU.Build.0 = Release|Any CPU
	EndGlobalSection
	GlobalSection(SolutionProperties) = preSolution
		HideSolutionNode = FALSE
	EndGlobalSection
	GlobalSection(ExtensibilityGlobals) = postSolution
		SolutionGuid = {8482CE2F-D891-4C01-8146-C67FAFCB8708}
	EndGlobalSection
EndGlobal
