
Microsoft Visual Studio Solution File, Format Version 12.00
# Visual Studio Version 16
VisualStudioVersion = 16.0.31613.86
MinimumVisualStudioVersion = 10.0.40219.1
Project("{FAE04EC0-301F-11D3-BF4B-00C04F79EFBC}") = "ZodiacGUI", "ZodiacGUI\ZodiacGUI.csproj", "{2A2B4393-C553-4ED5-97E4-AC3FA838EC76}"
EndProject
Global
	GlobalSection(SolutionConfigurationPlatforms) = preSolution
		Debug|Any CPU = Debug|Any CPU
		Release|Any CPU = Release|Any CPU
	EndGlobalSection
	GlobalSection(ProjectConfigurationPlatforms) = postSolution
		{2A2B4393-C553-4ED5-97E4-AC3FA838EC76}.Debug|Any CPU.ActiveCfg = Debug|Any CPU
		{2A2B4393-C553-4ED5-97E4-AC3FA838EC76}.Debug|Any CPU.Build.0 = Debug|Any CPU
		{2A2B4393-C553-4ED5-97E4-AC3FA838EC76}.Release|Any CPU.ActiveCfg = Release|Any CPU
		{2A2B4393-C553-4ED5-97E4-AC3FA838EC76}.Release|Any CPU.Build.0 = Release|Any CPU
	EndGlobalSection
	GlobalSection(SolutionProperties) = preSolution
		HideSolutionNode = FALSE
	EndGlobalSection
	GlobalSection(ExtensibilityGlobals) = postSolution
		SolutionGuid = {A785921F-440A-41C3-83CC-D6AC3704B047}
	EndGlobalSection
EndGlobal
